{
    "_meta": {
        "hash": {
            "sha256": "77f0e3189f90c41761d32dbd67d7d80d46724e980471b9681e53932976bd620b"
        },
        "pipfile-spec": 6,
        "requires": {
            "python_version": "3.6"
        },
        "sources": [
            {
                "name": "pypi",
                "url": "https://pypi.org/simple",
                "verify_ssl": true
            }
        ]
    },
    "default": {
        "concurrent-log-handler": {
            "hashes": [
                "sha256:189dd29542b8431e26a0484ae0f3735bd2f4330e26742cc48f7d2fddff8eb94e",
                "sha256:1a42eab8648ca038eeeb948abc7d63baf15e8adbf9bee591f977f19e14b43724"
            ],
            "index": "pypi",
            "version": "==0.9.16"
        },
        "defusedxml": {
            "hashes": [
                "sha256:6687150770438374ab581bb7a1b327a847dd9c5749e396102de3fad4e8a3ef93",
                "sha256:f684034d135af4c6cbb949b8a4d2ed61634515257a67299e5f940fbaa34377f5"
            ],
            "version": "==0.6.0"
        },
        "django": {
            "hashes": [
                "sha256:69897097095f336d5aeef45b4103dceae51c00afa6d3ae198a2a18e519791b7a",
                "sha256:6ecd229e1815d4fc5240fc98f1cca78c41e7a8cd3e3f2eefadc4735031077916"
            ],
            "index": "pypi",
            "version": "==2.2.12"
        },
        "django-hosts": {
            "hashes": [
                "sha256:136ac225f34e7f2c007294441a38663ec2bba9637d870ad001def81bca87e390",
                "sha256:59a870d453f113c889a7888bae5408888870350e83e362740f382dad569c2281"
            ],
            "index": "pypi",
            "version": "==4.0"
        },
        "djangorestframework": {
            "hashes": [
                "sha256:42979bd5441bb4d8fd69d0f385024a114c3cae7df0f110600b718751250f6929",
                "sha256:aedb48010ebfab9651aaab1df5fd3b4848eb4182afc909852a2110c24f89a359"
            ],
            "index": "pypi",
            "version": "==3.10.2"
        },
        "djangorestframework-xml": {
            "hashes": [
                "sha256:35f6c811d0ab8c8466b26db234e16a2ed32d76381715257aebf4c7be2c202ca1",
                "sha256:975955fbb0d49ac44a90bdeb33b7923d95b79884d283f983e116c80a936ef4d0"
            ],
            "index": "pypi",
            "version": "==2.0.0"
        },
        "mysqlclient": {
            "hashes": [
                "sha256:79a498ddda955e488f80c82a6392bf6e07c323d48db236033f33825665d8ba5c",
                "sha256:8c3b61d89f7daaeab6aad6bf4c4bc3ef30bec1a8169f94dc59aea87ba2fabf80",
                "sha256:9c737cc55a5dc8dd3583a942d5a9b21be58d16f00f5fefca4e575e7d9682e98c"
            ],
            "index": "pypi",
            "version": "==1.4.4"
        },
        "portalocker": {
            "hashes": [
                "sha256:091364838ed6fbb68ea291c28982d1e56125c0d9e3fad5a4ac001db54dd862dc",
                "sha256:874d6063c6ceb185fe4771da41b01872d2c56d292db746698f8ad7bf1833c905"
            ],
            "version": "==1.7.0"
        },
        "pytz": {
            "hashes": [
                "sha256:a494d53b6d39c3c6e44c3bec237336e14305e4f29bbf800b599253057fbb79ed",
                "sha256:c35965d010ce31b23eeb663ed3cc8c906275d6be1a34393a1d73a41febf4a048"
            ],
            "version": "==2020.1"
        },
        "sqlparse": {
            "hashes": [
                "sha256:022fb9c87b524d1f7862b3037e541f68597a730a8843245c349fc93e1643dc4e",
                "sha256:e162203737712307dfe78860cc56c8da8a852ab2ee33750e33aeadf38d12c548"
            ],
            "version": "==0.3.1"
        },
        "uwsgi": {
            "hashes": [
                "sha256:4972ac538800fb2d421027f49b4a1869b66048839507ccf0aa2fda792d99f583"
            ],
            "index": "pypi",
            "version": "==2.0.18"
        }
    },
    "develop": {}
}
